
Microsoft Visual Studio Solution File, Format Version 12.00
# Visual Studio Version 17
VisualStudioVersion = 17.2.32516.85
MinimumVisualStudioVersion = 10.0.40219.1
Project("{FAE04EC0-301F-11D3-BF4B-00C04F79EFBC}") = "RTN_ExGTF", "RTN_ExGTF\RTN_ExGTF.csproj", "{5E0E4DB3-2364-4AEA-898A-4A8491C4ADF4}"
EndProject
Project("{FAE04EC0-301F-11D3-BF4B-00C04F79EFBC}") = "RTN_Values_ExGTF", "RTN_Values_ExGTF\RTN_Values_ExGTF.csproj", "{39155799-D883-4D13-9EDB-E3E13083CA09}"
EndProject
Global
	GlobalSection(SolutionConfigurationPlatforms) = preSolution
		Debug|Any CPU = Debug|Any CPU
		Release|Any CPU = Release|Any CPU
	EndGlobalSection
	GlobalSection(ProjectConfigurationPlatforms) = postSolution
		{5E0E4DB3-2364-4AEA-898A-4A8491C4ADF4}.Debug|Any CPU.ActiveCfg = Debug|Any CPU
		{5E0E4DB3-2364-4AEA-898A-4A8491C4ADF4}.Debug|Any CPU.Build.0 = Debug|Any CPU
		{5E0E4DB3-2364-4AEA-898A-4A8491C4ADF4}.Release|Any CPU.ActiveCfg = Release|Any CPU
		{5E0E4DB3-2364-4AEA-898A-4A8491C4ADF4}.Release|Any CPU.Build.0 = Release|Any CPU
		{39155799-D883-4D13-9EDB-E3E13083CA09}.Debug|Any CPU.ActiveCfg = Debug|Any CPU
		{39155799-D883-4D13-9EDB-E3E13083CA09}.Debug|Any CPU.Build.0 = Debug|Any CPU
		{39155799-D883-4D13-9EDB-E3E13083CA09}.Release|Any CPU.ActiveCfg = Release|Any CPU
		{39155799-D883-4D13-9EDB-E3E13083CA09}.Release|Any CPU.Build.0 = Release|Any CPU
	EndGlobalSection
	GlobalSection(SolutionProperties) = preSolution
		HideSolutionNode = FALSE
	EndGlobalSection
	GlobalSection(ExtensibilityGlobals) = postSolution
		SolutionGuid = {9F262698-9D3A-4EC7-9365-D7ADAE80B1AF}
	EndGlobalSection
EndGlobal
